
Microsoft Visual Studio Solution File, Format Version 12.00
# Visual Studio Version 16
VisualStudioVersion = 16.0.30717.126
MinimumVisualStudioVersion = 10.0.40219.1
Project("{FAE04EC0-301F-11D3-BF4B-00C04F79EFBC}") = "Jellyfin.Plugin.Dlna", "Jellyfin.Plugin.Dlna\Jellyfin.Plugin.Dlna.csproj", "{A7E2B1A8-18D0-44BA-953F-CB0C254EE0DE}"
EndProject
Global
	GlobalSection(SolutionConfigurationPlatforms) = preSolution
		Debug|Any CPU = Debug|Any CPU
		Release|Any CPU = Release|Any CPU
	EndGlobalSection
	GlobalSection(ProjectConfigurationPlatforms) = postSolution
		{A7E2B1A8-18D0-44BA-953F-CB0C254EE0DE}.Debug|Any CPU.ActiveCfg = Debug|Any CPU
		{A7E2B1A8-18D0-44BA-953F-CB0C254EE0DE}.Debug|Any CPU.Build.0 = Debug|Any CPU
		{A7E2B1A8-18D0-44BA-953F-CB0C254EE0DE}.Release|Any CPU.ActiveCfg = Release|Any CPU
		{A7E2B1A8-18D0-44BA-953F-CB0C254EE0DE}.Release|Any CPU.Build.0 = Release|Any CPU
	EndGlobalSection
	GlobalSection(SolutionProperties) = preSolution
		HideSolutionNode = FALSE
	EndGlobalSection
	GlobalSection(ExtensibilityGlobals) = postSolution
		SolutionGuid = {918E7012-6A70-4F0E-B981-D993E24590DF}
	EndGlobalSection
EndGlobal
